// !$*UTF8*$!
{
	archiveVersion = 1;
	classes = {
	};
	objectVersion = 50;
	objects = {

/* Begin PBXBuildFile section */
		B3153FFB21379BBD00268425 /* AppDelegate.swift in Sources */ = {isa = PBXBuildFile; fileRef = B3153FFA21379BBD00268425 /* AppDelegate.swift */; };
		B3153FFD21379BBD00268425 /* ViewController.swift in Sources */ = {isa = PBXBuildFile; fileRef = B3153FFC21379BBD00268425 /* ViewController.swift */; };
		B315400021379BBD00268425 /* Main.storyboard in Resources */ = {isa = PBXBuildFile; fileRef = B3153FFE21379BBD00268425 /* Main.storyboard */; };
		B315400221379BBE00268425 /* Assets.xcassets in Resources */ = {isa = PBXBuildFile; fileRef = B315400121379BBE00268425 /* Assets.xcassets */; };
		B315400521379BBE00268425 /* LaunchScreen.storyboard in Resources */ = {isa = PBXBuildFile; fileRef = B315400321379BBE00268425 /* LaunchScreen.storyboard */; };
		B315400D21379C1100268425 /* RuleView.swift in Sources */ = {isa = PBXBuildFile; fileRef = B315400C21379C1100268425 /* RuleView.swift */; };
		B3D05BD721397A70003EF36B /* String+Ext.swift in Sources */ = {isa = PBXBuildFile; fileRef = B3D05BD621397A70003EF36B /* String+Ext.swift */; };
		B3D05BD921397A99003EF36B /* UIView+Ext.swift in Sources */ = {isa = PBXBuildFile; fileRef = B3D05BD821397A99003EF36B /* UIView+Ext.swift */; };
/* End PBXBuildFile section */

/* Begin PBXFileReference section */
		B3153FF721379BBD00268425 /* ZKPasswordGuide.app */ = {isa = PBXFileReference; explicitFileType = wrapper.application; includeInIndex = 0; path = ZKPasswordGuide.app; sourceTree = BUILT_PRODUCTS_DIR; };
		B3153FFA21379BBD00268425 /* AppDelegate.swift */ = {isa = PBXFileReference; lastKnownFileType = sourcecode.swift; path = AppDelegate.swift; sourceTree = "<group>"; };
		B3153FFC21379BBD00268425 /* ViewController.swift */ = {isa = PBXFileReference; lastKnownFileType = sourcecode.swift; path = ViewController.swift; sourceTree = "<group>"; };
		B3153FFF21379BBD00268425 /* Base */ = {isa = PBXFileReference; lastKnownFileType = file.storyboard; name = Base; path = Base.lproj/Main.storyboard; sourceTree = "<group>"; };
		B315400121379BBE00268425 /* Assets.xcassets */ = {isa = PBXFileReference; lastKnownFileType = folder.assetcatalog; path = Assets.xcassets; sourceTree = "<group>"; };
		B315400421379BBE00268425 /* Base */ = {isa = PBXFileReference; lastKnownFileType = file.storyboard; name = Base; path = Base.lproj/LaunchScreen.storyboard; sourceTree = "<group>"; };
		B315400621379BBE00268425 /* Info.plist */ = {isa = PBXFileReference; lastKnownFileType = text.plist.xml; path = Info.plist; sourceTree = "<group>"; };
		B315400C21379C1100268425 /* RuleView.swift */ = {isa = PBXFileReference; fileEncoding = 4; lastKnownFileType = sourcecode.swift; path = RuleView.swift; sourceTree = "<group>"; };
		B3D05BD621397A70003EF36B /* String+Ext.swift */ = {isa = PBXFileReference; lastKnownFileType = sourcecode.swift; path = "String+Ext.swift"; sourceTree = "<group>"; };
		B3D05BD821397A99003EF36B /* UIView+Ext.swift */ = {isa = PBXFileReference; lastKnownFileType = sourcecode.swift; path = "UIView+Ext.swift"; sourceTree = "<group>"; };
/* End PBXFileReference section */

/* Begin PBXFrameworksBuildPhase section */
		B3153FF421379BBD00268425 /* Frameworks */ = {
			isa = PBXFrameworksBuildPhase;
			buildActionMask = 2147483647;
			files = (
			);
			runOnlyForDeploymentPostprocessing = 0;
		};
/* End PBXFrameworksBuildPhase section */

/* Begin PBXGroup section */
		B3153FEE21379BBD00268425 = {
			isa = PBXGroup;
			children = (
				B3153FF921379BBD00268425 /* ZKPasswordGuide */,
				B3153FF821379BBD00268425 /* Products */,
			);
			sourceTree = "<group>";
		};
		B3153FF821379BBD00268425 /* Products */ = {
			isa = PBXGroup;
			children = (
				B3153FF721379BBD00268425 /* ZKPasswordGuide.app */,
			);
			name = Products;
			sourceTree = "<group>";
		};
		B3153FF921379BBD00268425 /* ZKPasswordGuide */ = {
			isa = PBXGroup;
			children = (
				B3153FFA21379BBD00268425 /* AppDelegate.swift */,
				B3153FFC21379BBD00268425 /* ViewController.swift */,
				B315400C21379C1100268425 /* RuleView.swift */,
				B3D05BD621397A70003EF36B /* String+Ext.swift */,
				B3D05BD821397A99003EF36B /* UIView+Ext.swift */,
				B3153FFE21379BBD00268425 /* Main.storyboard */,
				B315400121379BBE00268425 /* Assets.xcassets */,
				B315400321379BBE00268425 /* LaunchScreen.storyboard */,
				B315400621379BBE00268425 /* Info.plist */,
			);
			path = ZKPasswordGuide;
			sourceTree = "<group>";
		};
/* End PBXGroup section */

/* Begin PBXNativeTarget section */
		B3153FF621379BBD00268425 /* ZKPasswordGuide */ = {
			isa = PBXNativeTarget;
			buildConfigurationList = B315400921379BBE00268425 /* Build configuration list for PBXNativeTarget "ZKPasswordGuide" */;
			buildPhases = (
				B3153FF321379BBD00268425 /* Sources */,
				B3153FF421379BBD00268425 /* Frameworks */,
				B3153FF521379BBD00268425 /* Resources */,
			);
			buildRules = (
			);
			dependencies = (
			);
			name = ZKPasswordGuide;
			productName = ZKPasswordGuide;
			productReference = B3153FF721379BBD00268425 /* ZKPasswordGuide.app */;
			productType = "com.apple.product-type.application";
		};
/* End PBXNativeTarget section */

/* Begin PBXProject section */
		B3153FEF21379BBD00268425 /* Project object */ = {
			isa = PBXProject;
			attributes = {
				LastSwiftUpdateCheck = 0940;
				LastUpgradeCheck = 0940;
				ORGANIZATIONNAME = Zeeshan;
				TargetAttributes = {
					B3153FF621379BBD00268425 = {
						CreatedOnToolsVersion = 9.4.1;
					};
				};
			};
			buildConfigurationList = B3153FF221379BBD00268425 /* Build configuration list for PBXProject "ZKPasswordGuide" */;
			compatibilityVersion = "Xcode 9.3";
			developmentRegion = en;
			hasScannedForEncodings = 0;
			knownRegions = (
				en,
				Base,
			);
			mainGroup = B3153FEE21379BBD00268425;
			productRefGroup = B3153FF821379BBD00268425 /* Products */;
			projectDirPath = "";
			projectRoot = "";
			targets = (
				B3153FF621379BBD00268425 /* ZKPasswordGuide */,
			);
		};
/* End PBXProject section */

/* Begin PBXResourcesBuildPhase section */
		B3153FF521379BBD00268425 /* Resources */ = {
			isa = PBXResourcesBuildPhase;
			buildActionMask = 2147483647;
			files = (
				B315400521379BBE00268425 /* LaunchScreen.storyboard in Resources */,
				B315400221379BBE00268425 /* Assets.xcassets in Resources */,
				B315400021379BBD00268425 /* Main.storyboard in Resources */,
			);
			runOnlyForDeploymentPostprocessing = 0;
		};
/* End PBXResourcesBuildPhase section */

/* Begin PBXSourcesBuildPhase section */
		B3153FF321379BBD00268425 /* Sources */ = {
			isa = PBXSourcesBuildPhase;
			buildActionMask = 2147483647;
			files = (
				B315400D21379C1100268425 /* RuleView.swift in Sources */,
				B3153FFD21379BBD00268425 /* ViewController.swift in Sources */,
				B3D05BD921397A99003EF36B /* UIView+Ext.swift in Sources */,
				B3D05BD721397A70003EF36B /* String+Ext.swift in Sources */,
				B3153FFB21379BBD00268425 /* AppDelegate.swift in Sources */,
			);
			runOnlyForDeploymentPostprocessing = 0;
		};
/* End PBXSourcesBuildPhase section */

/* Begin PBXVariantGroup section */
		B3153FFE21379BBD00268425 /* Main.storyboard */ = {
			isa = PBXVariantGroup;
			children = (
				B3153FFF21379BBD00268425 /* Base */,
			);
			name = Main.storyboard;
			sourceTree = "<group>";
		};
		B315400321379BBE00268425 /* LaunchScreen.storyboard */ = {
			isa = PBXVariantGroup;
			children = (
				B315400421379BBE00268425 /* Base */,
			);
			name = LaunchScreen.storyboard;
			sourceTree = "<group>";
		};
/* End PBXVariantGroup section */

/* Begin XCBuildConfiguration section */
		B315400721379BBE00268425 /* Debug */ = {
			isa = XCBuildConfiguration;
			buildSettings = {
				ALWAYS_SEARCH_USER_PATHS = NO;
				CLANG_ANALYZER_NONNULL = YES;
				CLANG_ANALYZER_NUMBER_OBJECT_CONVERSION = YES_AGGRESSIVE;
				CLANG_CXX_LANGUAGE_STANDARD = "gnu++14";
				CLANG_CXX_LIBRARY = "libc++";
				CLANG_ENABLE_MODULES = YES;
				CLANG_ENABLE_OBJC_ARC = YES;
				CLANG_ENABLE_OBJC_WEAK = YES;
				CLANG_WARN_BLOCK_CAPTURE_AUTORELEASING = YES;
				CLANG_WARN_BOOL_CONVERSION = YES;
				CLANG_WARN_COMMA = YES;
				CLANG_WARN_CONSTANT_CONVERSION = YES;
				CLANG_WARN_DEPRECATED_OBJC_IMPLEMENTATIONS = YES;
				CLANG_WARN_DIRECT_OBJC_ISA_USAGE = YES_ERROR;
				CLANG_WARN_DOCUMENTATION_COMMENTS = YES;
				CLANG_WARN_EMPTY_BODY = YES;
				CLANG_WARN_ENUM_CONVERSION = YES;
				CLANG_WARN_INFINITE_RECURSION = YES;
				CLANG_WARN_INT_CONVERSION = YES;
				CLANG_WARN_NON_LITERAL_NULL_CONVERSION = YES;
				CLANG_WARN_OBJC_IMPLICIT_RETAIN_SELF = YES;
				CLANG_WARN_OBJC_LITERAL_CONVERSION = YES;
				CLANG_WARN_OBJC_ROOT_CLASS = YES_ERROR;
				CLANG_WARN_RANGE_LOOP_ANALYSIS = YES;
				CLANG_WARN_STRICT_PROTOTYPES = YES;
				CLANG_WARN_SUSPICIOUS_MOVE = YES;
				CLANG_WARN_UNGUARDED_AVAILABILITY = YES_AGGRESSIVE;
				CLANG_WARN_UNREACHABLE_CODE = YES;
				CLANG_WARN__DUPLICATE_METHOD_MATCH = YES;
				CODE_SIGN_IDENTITY = "iPhone Developer";
				COPY_PHASE_STRIP = NO;
				DEBUG_INFORMATION_FORMAT = dwarf;
				ENABLE_STRICT_OBJC_MSGSEND = YES;
				ENABLE_TESTABILITY = YES;
				GCC_C_LANGUAGE_STANDARD = gnu11;
				GCC_DYNAMIC_NO_PIC = NO;
				GCC_NO_COMMON_BLOCKS = YES;
				GCC_OPTIMIZATION_LEVEL = 0;
				GCC_PREPROCESSOR_DEFINITIONS = (
					"DEBUG=1",
					"$(inherited)",
				);
				GCC_WARN_64_TO_32_BIT_CONVERSION = YES;
				GCC_WARN_ABOUT_RETURN_TYPE = YES_ERROR;
				GCC_WARN_UNDECLARED_SELECTOR = YES;
				GCC_WARN_UNINITIALIZED_AUTOS = YES_AGGRESSIVE;
				GCC_WARN_UNUSED_FUNCTION = YES;
				GCC_WARN_UNUSED_VARIABLE = YES;
				IPHONEOS_DEPLOYMENT_TARGET = 11.4;
				MTL_ENABLE_DEBUG_INFO = YES;
				ONLY_ACTIVE_ARCH = YES;
				SDKROOT = iphoneos;
				SWIFT_ACTIVE_COMPILATION_CONDITIONS = DEBUG;
				SWIFT_OPTIMIZATION_LEVEL = "-Onone";
			};
			name = Debug;
		};
		B315400821379BBE00268425 /* Release */ = {
			isa = XCBuildConfiguration;
			buildSettings = {
				ALWAYS_SEARCH_USER_PATHS = NO;
				CLANG_ANALYZER_NONNULL = YES;
				CLANG_ANALYZER_NUMBER_OBJECT_CONVERSION = YES_AGGRESSIVE;
				CLANG_CXX_LANGUAGE_STANDARD = "gnu++14";
				CLANG_CXX_LIBRARY = "libc++";
				CLANG_ENABLE_MODULES = YES;
				CLANG_ENABLE_OBJC_ARC = YES;
				CLANG_ENABLE_OBJC_WEAK = YES;
				CLANG_WARN_BLOCK_CAPTURE_AUTORELEASING = YES;
				CLANG_WARN_BOOL_CONVERSION = YES;
				CLANG_WARN_COMMA = YES;
				CLANG_WARN_CONSTANT_CONVERSION = YES;
				CLANG_WARN_DEPRECATED_OBJC_IMPLEMENTATIONS = YES;
				CLANG_WARN_DIRECT_OBJC_ISA_USAGE = YES_ERROR;
				CLANG_WARN_DOCUMENTATION_COMMENTS = YES;
				CLANG_WARN_EMPTY_BODY = YES;
				CLANG_WARN_ENUM_CONVERSION = YES;
				CLANG_WARN_INFINITE_RECURSION = YES;
				CLANG_WARN_INT_CONVERSION = YES;
				CLANG_WARN_NON_LITERAL_NULL_CONVERSION = YES;
				CLANG_WARN_OBJC_IMPLICIT_RETAIN_SELF = YES;
				CLANG_WARN_OBJC_LITERAL_CONVERSION = YES;
				CLANG_WARN_OBJC_ROOT_CLASS = YES_ERROR;
				CLANG_WARN_RANGE_LOOP_ANALYSIS = YES;
				CLANG_WARN_STRICT_PROTOTYPES = YES;
				CLANG_WARN_SUSPICIOUS_MOVE = YES;
				CLANG_WARN_UNGUARDED_AVAILABILITY = YES_AGGRESSIVE;
				CLANG_WARN_UNREACHABLE_CODE = YES;
				CLANG_WARN__DUPLICATE_METHOD_MATCH = YES;
				CODE_SIGN_IDENTITY = "iPhone Developer";
				COPY_PHASE_STRIP = NO;
				DEBUG_INFORMATION_FORMAT = "dwarf-with-dsym";
				ENABLE_NS_ASSERTIONS = NO;
				ENABLE_STRICT_OBJC_MSGSEND = YES;
				GCC_C_LANGUAGE_STANDARD = gnu11;
				GCC_NO_COMMON_BLOCKS = YES;
				GCC_WARN_64_TO_32_BIT_CONVERSION = YES;
				GCC_WARN_ABOUT_RETURN_TYPE = YES_ERROR;
				GCC_WARN_UNDECLARED_SELECTOR = YES;
				GCC_WARN_UNINITIALIZED_AUTOS = YES_AGGRESSIVE;
				GCC_WARN_UNUSED_FUNCTION = YES;
				GCC_WARN_UNUSED_VARIABLE = YES;
				IPHONEOS_DEPLOYMENT_TARGET = 11.4;
				MTL_ENABLE_DEBUG_INFO = NO;
				SDKROOT = iphoneos;
				SWIFT_COMPILATION_MODE = wholemodule;
				SWIFT_OPTIMIZATION_LEVEL = "-O";
				VALIDATE_PRODUCT = YES;
			};
			name = Release;
		};
		B315400A21379BBE00268425 /* Debug */ = {
			isa = XCBuildConfiguration;
			buildSettings = {
				ASSETCATALOG_COMPILER_APPICON_NAME = AppIcon;
				CODE_SIGN_STYLE = Automatic;
				DEVELOPMENT_TEAM = UT34FQ82R2;
				INFOPLIST_FILE = ZKPasswordGuide/Info.plist;
				IPHONEOS_DEPLOYMENT_TARGET = 9.0;
				LD_RUNPATH_SEARCH_PATHS = (
					"$(inherited)",
					"@executable_path/Frameworks",
				);
				PRODUCT_BUNDLE_IDENTIFIER = com.zeeshan.ZKPasswordGuide;
				PRODUCT_NAME = "$(TARGET_NAME)";
				SWIFT_VERSION = 4.0;
				TARGETED_DEVICE_FAMILY = 1;
			};
			name = Debug;
		};
		B315400B21379BBE00268425 /* Release */ = {
			isa = XCBuildConfiguration;
			buildSettings = {
				ASSETCATALOG_COMPILER_APPICON_NAME = AppIcon;
				CODE_SIGN_STYLE = Automatic;
				DEVELOPMENT_TEAM = UT34FQ82R2;
				INFOPLIST_FILE = ZKPasswordGuide/Info.plist;
				IPHONEOS_DEPLOYMENT_TARGET = 9.0;
				LD_RUNPATH_SEARCH_PATHS = (
					"$(inherited)",
					"@executable_path/Frameworks",
				);
				PRODUCT_BUNDLE_IDENTIFIER = com.zeeshan.ZKPasswordGuide;
				PRODUCT_NAME = "$(TARGET_NAME)";
				SWIFT_VERSION = 4.0;
				TARGETED_DEVICE_FAMILY = 1;
			};
			name = Release;
		};
/* End XCBuildConfiguration section */

/* Begin XCConfigurationList section */
		B3153FF221379BBD00268425 /* Build configuration list for PBXProject "ZKPasswordGuide" */ = {
			isa = XCConfigurationList;
			buildConfigurations = (
				B315400721379BBE00268425 /* Debug */,
				B315400821379BBE00268425 /* Release */,
			);
			defaultConfigurationIsVisible = 0;
			defaultConfigurationName = Release;
		};
		B315400921379BBE00268425 /* Build configuration list for PBXNativeTarget "ZKPasswordGuide" */ = {
			isa = XCConfigurationList;
			buildConfigurations = (
				B315400A21379BBE00268425 /* Debug */,
				B315400B21379BBE00268425 /* Release */,
			);
			defaultConfigurationIsVisible = 0;
			defaultConfigurationName = Release;
		};
/* End XCConfigurationList section */
	};
	rootObject = B3153FEF21379BBD00268425 /* Project object */;
}
